<?xml version="1.0" encoding="UTF-8"?>
<!DOCTYPE plist PUBLIC "-//Apple//DTD PLIST 1.0//EN" "http://www.apple.com/DTDs/PropertyList-1.0.dtd">
<plist version="1.0">
<dict>
	<key>archiveVersion</key>
	<string>1</string>
	<key>classes</key>
	<dict/>
	<key>objectVersion</key>
	<string>46</string>
	<key>objects</key>
	<dict>
		<key>923F4EB21AEBAB7200C497E2</key>
		<dict>
			<key>children</key>
			<array>
				<string>923F4EBD1AEBAB7200C497E2</string>
				<string>923F4EBC1AEBAB7200C497E2</string>
			</array>
			<key>isa</key>
			<string>PBXGroup</string>
			<key>sourceTree</key>
			<string>&lt;group&gt;</string>
		</dict>
		<key>923F4EB31AEBAB7200C497E2</key>
		<dict>
			<key>attributes</key>
			<dict>
				<key>LastUpgradeCheck</key>
				<string>0630</string>
				<key>ORGANIZATIONNAME</key>
				<string>Alex Zimin</string>
				<key>TargetAttributes</key>
				<dict>
					<key>923F4EBA1AEBAB7200C497E2</key>
					<dict>
						<key>CreatedOnToolsVersion</key>
						<string>6.3.1</string>
					</dict>
				</dict>
			</dict>
			<key>buildConfigurationList</key>
			<string>923F4EB61AEBAB7200C497E2</string>
			<key>compatibilityVersion</key>
			<string>Xcode 3.2</string>
			<key>developmentRegion</key>
			<string>English</string>
			<key>hasScannedForEncodings</key>
			<string>0</string>
			<key>isa</key>
			<string>PBXProject</string>
			<key>knownRegions</key>
			<array>
				<string>en</string>
				<string>Base</string>
			</array>
			<key>mainGroup</key>
			<string>923F4EB21AEBAB7200C497E2</string>
			<key>productRefGroup</key>
			<string>923F4EBC1AEBAB7200C497E2</string>
			<key>projectDirPath</key>
			<string></string>
			<key>projectReferences</key>
			<array/>
			<key>projectRoot</key>
			<string></string>
			<key>targets</key>
			<array>
				<string>923F4EBA1AEBAB7200C497E2</string>
			</array>
		</dict>
		<key>923F4EB61AEBAB7200C497E2</key>
		<dict>
			<key>buildConfigurations</key>
			<array>
				<string>923F4ED81AEBAB7200C497E2</string>
				<string>923F4ED91AEBAB7200C497E2</string>
			</array>
			<key>defaultConfigurationIsVisible</key>
			<string>0</string>
			<key>defaultConfigurationName</key>
			<string>Release</string>
			<key>isa</key>
			<string>XCConfigurationList</string>
		</dict>
		<key>923F4EB71AEBAB7200C497E2</key>
		<dict>
			<key>buildActionMask</key>
			<string>2147483647</string>
			<key>files</key>
			<array>
				<string>923F4F2E1AEC546400C497E2</string>
				<string>92BB95E81AED29B600C1748A</string>
				<string>923F4EED1AEBACC100C497E2</string>
				<string>92BB95DE1AED0E4C00C1748A</string>
				<string>923F4EFD1AEBEF1400C497E2</string>
				<string>923F4F311AEC608C00C497E2</string>
				<string>923F4F251AEC4D0000C497E2</string>
				<string>923F4F201AEC459000C497E2</string>
				<string>92BB95D31AECFF2300C1748A</string>
				<string>923F4F061AEBF57F00C497E2</string>
				<string>923F4F3A1AEC66E400C497E2</string>
				<string>923F4EFF1AEBF2FB00C497E2</string>
				<string>923F4F1E1AEC436100C497E2</string>
				<string>92BB95DA1AED0D6300C1748A</string>
				<string>923F4EF61AEBAF6D00C497E2</string>
				<string>923F4F0F1AEC0C3200C497E2</string>
				<string>923F4EF21AEBAF3C00C497E2</string>
				<string>923F4F1B1AEC423600C497E2</string>
				<string>923F4F0A1AEC06F500C497E2</string>
				<string>923F4EC11AEBAB7200C497E2</string>
				<string>923F4F2A1AEC526A00C497E2</string>
				<string>923F4EF41AEBAF5800C497E2</string>
				<string>923F4F081AEC05CC00C497E2</string>
				<string>92BB95D71AED047100C1748A</string>
				<string>923F4F221AEC464900C497E2</string>
				<string>923F4EE81AEBAC0000C497E2</string>
				<string>923F4EF81AEBB57C00C497E2</string>
				<string>923F4F0C1AEC0BC600C497E2</string>
				<string>923F4F361AEC640300C497E2</string>
				<string>923F4EFB1AEBB61A00C497E2</string>
				<string>92BB95E11AED28A100C1748A</string>
			</array>
			<key>isa</key>
			<string>PBXSourcesBuildPhase</string>
			<key>runOnlyForDeploymentPostprocessing</key>
			<string>0</string>
		</dict>
		<key>923F4EB81AEBAB7200C497E2</key>
		<dict>
			<key>buildActionMask</key>
			<string>2147483647</string>
			<key>files</key>
			<array/>
			<key>isa</key>
			<string>PBXFrameworksBuildPhase</string>
			<key>runOnlyForDeploymentPostprocessing</key>
			<string>0</string>
		</dict>
		<key>923F4EB91AEBAB7200C497E2</key>
		<dict>
			<key>buildActionMask</key>
			<string>2147483647</string>
			<key>files</key>
			<array>
				<string>92BB95D51AED035700C1748A</string>
				<string>923F4ECB1AEBAB7200C497E2</string>
				<string>923F4F191AEC40E700C497E2</string>
				<string>923F4F141AEC3F8400C497E2</string>
				<string>92BB95E31AED294900C1748A</string>
				<string>923F4F111AEC3F4900C497E2</string>
				<string>92BB95DC1AED0D9500C1748A</string>
				<string>923F4F2C1AEC53CE00C497E2</string>
				<string>923F4F3B1AEC66E400C497E2</string>
				<string>923F4F021AEBF3E100C497E2</string>
				<string>923F4EC81AEBAB7200C497E2</string>
				<string>923F4F271AEC4D4700C497E2</string>
				<string>923F4F331AEC634A00C497E2</string>
			</array>
			<key>isa</key>
			<string>PBXResourcesBuildPhase</string>
			<key>runOnlyForDeploymentPostprocessing</key>
			<string>0</string>
		</dict>
		<key>923F4EBA1AEBAB7200C497E2</key>
		<dict>
			<key>buildConfigurationList</key>
			<string>923F4EDA1AEBAB7200C497E2</string>
			<key>buildPhases</key>
			<array>
				<string>923F4EB71AEBAB7200C497E2</string>
				<string>923F4EB81AEBAB7200C497E2</string>
				<string>923F4EB91AEBAB7200C497E2</string>
			</array>
			<key>buildRules</key>
			<array/>
			<key>dependencies</key>
			<array/>
			<key>isa</key>
			<string>PBXNativeTarget</string>
			<key>name</key>
			<string>Alexander Zimin</string>
			<key>productName</key>
			<string>Alexander Zimin</string>
			<key>productReference</key>
			<string>923F4EBB1AEBAB7200C497E2</string>
			<key>productType</key>
			<string>com.apple.product-type.application</string>
		</dict>
		<key>923F4EBB1AEBAB7200C497E2</key>
		<dict>
			<key>explicitFileType</key>
			<string>wrapper.application</string>
			<key>includeInIndex</key>
			<string>0</string>
			<key>isa</key>
			<string>PBXFileReference</string>
			<key>path</key>
			<string>Alexander Zimin.app</string>
			<key>sourceTree</key>
			<string>BUILT_PRODUCTS_DIR</string>
		</dict>
		<key>923F4EBC1AEBAB7200C497E2</key>
		<dict>
			<key>children</key>
			<array>
				<string>923F4EBB1AEBAB7200C497E2</string>
			</array>
			<key>isa</key>
			<string>PBXGroup</string>
			<key>name</key>
			<string>Products</string>
			<key>sourceTree</key>
			<string>&lt;group&gt;</string>
		</dict>
		<key>923F4EBD1AEBAB7200C497E2</key>
		<dict>
			<key>children</key>
			<array>
				<string>923F4F121AEC3F8400C497E2</string>
				<string>923F4EE01AEBAB9C00C497E2</string>
				<string>923F4EEB1AEBAC6000C497E2</string>
			</array>
			<key>isa</key>
			<string>PBXGroup</string>
			<key>path</key>
			<string>Alexander Zimin</string>
			<key>sourceTree</key>
			<string>&lt;group&gt;</string>
		</dict>
		<key>923F4EBE1AEBAB7200C497E2</key>
		<dict>
			<key>children</key>
			<array>
				<string>923F4EBF1AEBAB7200C497E2</string>
			</array>
			<key>isa</key>
			<string>PBXGroup</string>
			<key>path</key>
			<string>Supporting Files</string>
			<key>sourceTree</key>
			<string>&lt;group&gt;</string>
		</dict>
		<key>923F4EBF1AEBAB7200C497E2</key>
		<dict>
			<key>isa</key>
			<string>PBXFileReference</string>
			<key>lastKnownFileType</key>
			<string>text.plist.xml</string>
			<key>path</key>
			<string>Info.plist</string>
			<key>sourceTree</key>
			<string>&lt;group&gt;</string>
		</dict>
		<key>923F4EC01AEBAB7200C497E2</key>
		<dict>
			<key>isa</key>
			<string>PBXFileReference</string>
			<key>lastKnownFileType</key>
			<string>sourcecode.swift</string>
			<key>path</key>
			<string>AppDelegate.swift</string>
			<key>sourceTree</key>
			<string>&lt;group&gt;</string>
		</dict>
		<key>923F4EC11AEBAB7200C497E2</key>
		<dict>
			<key>fileRef</key>
			<string>923F4EC01AEBAB7200C497E2</string>
			<key>isa</key>
			<string>PBXBuildFile</string>
		</dict>
		<key>923F4EC71AEBAB7200C497E2</key>
		<dict>
			<key>isa</key>
			<string>PBXFileReference</string>
			<key>lastKnownFileType</key>
			<string>folder.assetcatalog</string>
			<key>path</key>
			<string>Images.xcassets</string>
			<key>sourceTree</key>
			<string>&lt;group&gt;</string>
		</dict>
		<key>923F4EC81AEBAB7200C497E2</key>
		<dict>
			<key>fileRef</key>
			<string>923F4EC71AEBAB7200C497E2</string>
			<key>isa</key>
			<string>PBXBuildFile</string>
		</dict>
		<key>923F4EC91AEBAB7200C497E2</key>
		<dict>
			<key>children</key>
			<array>
				<string>923F4ECA1AEBAB7200C497E2</string>
			</array>
			<key>isa</key>
			<string>PBXVariantGroup</string>
			<key>name</key>
			<string>LaunchScreen.xib</string>
			<key>sourceTree</key>
			<string>&lt;group&gt;</string>
		</dict>
		<key>923F4ECA1AEBAB7200C497E2</key>
		<dict>
			<key>isa</key>
			<string>PBXFileReference</string>
			<key>lastKnownFileType</key>
			<string>file.xib</string>
			<key>name</key>
			<string>Base</string>
			<key>path</key>
			<string>Base.lproj/LaunchScreen.xib</string>
			<key>sourceTree</key>
			<string>&lt;group&gt;</string>
		</dict>
		<key>923F4ECB1AEBAB7200C497E2</key>
		<dict>
			<key>fileRef</key>
			<string>923F4EC91AEBAB7200C497E2</string>
			<key>isa</key>
			<string>PBXBuildFile</string>
		</dict>
		<key>923F4ED81AEBAB7200C497E2</key>
		<dict>
			<key>buildSettings</key>
			<dict>
				<key>ALWAYS_SEARCH_USER_PATHS</key>
				<string>NO</string>
				<key>CLANG_CXX_LANGUAGE_STANDARD</key>
				<string>gnu++0x</string>
				<key>CLANG_CXX_LIBRARY</key>
				<string>libc++</string>
				<key>CLANG_ENABLE_MODULES</key>
				<string>YES</string>
				<key>CLANG_ENABLE_OBJC_ARC</key>
				<string>YES</string>
				<key>CLANG_WARN_BOOL_CONVERSION</key>
				<string>YES</string>
				<key>CLANG_WARN_CONSTANT_CONVERSION</key>
				<string>YES</string>
				<key>CLANG_WARN_DIRECT_OBJC_ISA_USAGE</key>
				<string>YES_ERROR</string>
				<key>CLANG_WARN_EMPTY_BODY</key>
				<string>YES</string>
				<key>CLANG_WARN_ENUM_CONVERSION</key>
				<string>YES</string>
				<key>CLANG_WARN_INT_CONVERSION</key>
				<string>YES</string>
				<key>CLANG_WARN_OBJC_ROOT_CLASS</key>
				<string>YES_ERROR</string>
				<key>CLANG_WARN_UNREACHABLE_CODE</key>
				<string>YES</string>
				<key>CLANG_WARN__DUPLICATE_METHOD_MATCH</key>
				<string>YES</string>
				<key>CODE_SIGN_IDENTITY[sdk=iphoneos*]</key>
				<string>iPhone Developer</string>
				<key>COPY_PHASE_STRIP</key>
				<string>NO</string>
				<key>DEBUG_INFORMATION_FORMAT</key>
				<string>dwarf-with-dsym</string>
				<key>ENABLE_STRICT_OBJC_MSGSEND</key>
				<string>YES</string>
				<key>GCC_C_LANGUAGE_STANDARD</key>
				<string>gnu99</string>
				<key>GCC_DYNAMIC_NO_PIC</key>
				<string>NO</string>
				<key>GCC_NO_COMMON_BLOCKS</key>
				<string>YES</string>
				<key>GCC_OPTIMIZATION_LEVEL</key>
				<string>0</string>
				<key>GCC_PREPROCESSOR_DEFINITIONS</key>
				<array>
					<string>DEBUG=1</string>
					<string>$(inherited)</string>
				</array>
				<key>GCC_SYMBOLS_PRIVATE_EXTERN</key>
				<string>NO</string>
				<key>GCC_WARN_64_TO_32_BIT_CONVERSION</key>
				<string>YES</string>
				<key>GCC_WARN_ABOUT_RETURN_TYPE</key>
				<string>YES_ERROR</string>
				<key>GCC_WARN_UNDECLARED_SELECTOR</key>
				<string>YES</string>
				<key>GCC_WARN_UNINITIALIZED_AUTOS</key>
				<string>YES_AGGRESSIVE</string>
				<key>GCC_WARN_UNUSED_FUNCTION</key>
				<string>YES</string>
				<key>GCC_WARN_UNUSED_VARIABLE</key>
				<string>YES</string>
				<key>IPHONEOS_DEPLOYMENT_TARGET</key>
				<string>8.3</string>
				<key>MTL_ENABLE_DEBUG_INFO</key>
				<string>YES</string>
				<key>ONLY_ACTIVE_ARCH</key>
				<string>YES</string>
				<key>SDKROOT</key>
				<string>iphoneos</string>
				<key>SWIFT_OPTIMIZATION_LEVEL</key>
				<string>-Onone</string>
			</dict>
			<key>isa</key>
			<string>XCBuildConfiguration</string>
			<key>name</key>
			<string>Debug</string>
		</dict>
		<key>923F4ED91AEBAB7200C497E2</key>
		<dict>
			<key>buildSettings</key>
			<dict>
				<key>ALWAYS_SEARCH_USER_PATHS</key>
				<string>NO</string>
				<key>CLANG_CXX_LANGUAGE_STANDARD</key>
				<string>gnu++0x</string>
				<key>CLANG_CXX_LIBRARY</key>
				<string>libc++</string>
				<key>CLANG_ENABLE_MODULES</key>
				<string>YES</string>
				<key>CLANG_ENABLE_OBJC_ARC</key>
				<string>YES</string>
				<key>CLANG_WARN_BOOL_CONVERSION</key>
				<string>YES</string>
				<key>CLANG_WARN_CONSTANT_CONVERSION</key>
				<string>YES</string>
				<key>CLANG_WARN_DIRECT_OBJC_ISA_USAGE</key>
				<string>YES_ERROR</string>
				<key>CLANG_WARN_EMPTY_BODY</key>
				<string>YES</string>
				<key>CLANG_WARN_ENUM_CONVERSION</key>
				<string>YES</string>
				<key>CLANG_WARN_INT_CONVERSION</key>
				<string>YES</string>
				<key>CLANG_WARN_OBJC_ROOT_CLASS</key>
				<string>YES_ERROR</string>
				<key>CLANG_WARN_UNREACHABLE_CODE</key>
				<string>YES</string>
				<key>CLANG_WARN__DUPLICATE_METHOD_MATCH</key>
				<string>YES</string>
				<key>CODE_SIGN_IDENTITY[sdk=iphoneos*]</key>
				<string>iPhone Developer</string>
				<key>COPY_PHASE_STRIP</key>
				<string>NO</string>
				<key>DEBUG_INFORMATION_FORMAT</key>
				<string>dwarf-with-dsym</string>
				<key>ENABLE_NS_ASSERTIONS</key>
				<string>NO</string>
				<key>ENABLE_STRICT_OBJC_MSGSEND</key>
				<string>YES</string>
				<key>GCC_C_LANGUAGE_STANDARD</key>
				<string>gnu99</string>
				<key>GCC_NO_COMMON_BLOCKS</key>
				<string>YES</string>
				<key>GCC_WARN_64_TO_32_BIT_CONVERSION</key>
				<string>YES</string>
				<key>GCC_WARN_ABOUT_RETURN_TYPE</key>
				<string>YES_ERROR</string>
				<key>GCC_WARN_UNDECLARED_SELECTOR</key>
				<string>YES</string>
				<key>GCC_WARN_UNINITIALIZED_AUTOS</key>
				<string>YES_AGGRESSIVE</string>
				<key>GCC_WARN_UNUSED_FUNCTION</key>
				<string>YES</string>
				<key>GCC_WARN_UNUSED_VARIABLE</key>
				<string>YES</string>
				<key>IPHONEOS_DEPLOYMENT_TARGET</key>
				<string>8.3</string>
				<key>MTL_ENABLE_DEBUG_INFO</key>
				<string>NO</string>
				<key>SDKROOT</key>
				<string>iphoneos</string>
				<key>VALIDATE_PRODUCT</key>
				<string>YES</string>
			</dict>
			<key>isa</key>
			<string>XCBuildConfiguration</string>
			<key>name</key>
			<string>Release</string>
		</dict>
		<key>923F4EDA1AEBAB7200C497E2</key>
		<dict>
			<key>buildConfigurations</key>
			<array>
				<string>923F4EDB1AEBAB7200C497E2</string>
				<string>923F4EDC1AEBAB7200C497E2</string>
			</array>
			<key>defaultConfigurationIsVisible</key>
			<string>0</string>
			<key>defaultConfigurationName</key>
			<string>Release</string>
			<key>isa</key>
			<string>XCConfigurationList</string>
		</dict>
		<key>923F4EDB1AEBAB7200C497E2</key>
		<dict>
			<key>buildSettings</key>
			<dict>
				<key>ASSETCATALOG_COMPILER_APPICON_NAME</key>
				<string>AppIcon</string>
				<key>INFOPLIST_FILE</key>
				<string>Alexander Zimin/Source/Supporting Files/Info.plist</string>
				<key>IPHONEOS_DEPLOYMENT_TARGET</key>
				<string>8.0</string>
				<key>LD_RUNPATH_SEARCH_PATHS</key>
				<string>$(inherited) @executable_path/Frameworks</string>
				<key>PRODUCT_NAME</key>
				<string>$(TARGET_NAME)</string>
			</dict>
			<key>isa</key>
			<string>XCBuildConfiguration</string>
			<key>name</key>
			<string>Debug</string>
		</dict>
		<key>923F4EDC1AEBAB7200C497E2</key>
		<dict>
			<key>buildSettings</key>
			<dict>
				<key>ASSETCATALOG_COMPILER_APPICON_NAME</key>
				<string>AppIcon</string>
				<key>INFOPLIST_FILE</key>
				<string>Alexander Zimin/Source/Supporting Files/Info.plist</string>
				<key>IPHONEOS_DEPLOYMENT_TARGET</key>
				<string>8.0</string>
				<key>LD_RUNPATH_SEARCH_PATHS</key>
				<string>$(inherited) @executable_path/Frameworks</string>
				<key>PRODUCT_NAME</key>
				<string>$(TARGET_NAME)</string>
			</dict>
			<key>isa</key>
			<string>XCBuildConfiguration</string>
			<key>name</key>
			<string>Release</string>
		</dict>
		<key>923F4EE01AEBAB9C00C497E2</key>
		<dict>
			<key>children</key>
			<array>
				<string>923F4EBE1AEBAB7200C497E2</string>
				<string>923F4EE21AEBABB200C497E2</string>
				<string>923F4EE51AEBABD100C497E2</string>
				<string>923F4F031AEBF56B00C497E2</string>
				<string>923F4EE91AEBAC1400C497E2</string>
				<string>923F4EEA1AEBAC4700C497E2</string>
			</array>
			<key>isa</key>
			<string>PBXGroup</string>
			<key>path</key>
			<string>Source</string>
			<key>sourceTree</key>
			<string>&lt;group&gt;</string>
		</dict>
		<key>923F4EE21AEBABB200C497E2</key>
		<dict>
			<key>children</key>
			<array>
				<string>923F4EE31AEBABC000C497E2</string>
				<string>923F4EE41AEBABC400C497E2</string>
			</array>
			<key>isa</key>
			<string>PBXGroup</string>
			<key>path</key>
			<string>Common</string>
			<key>sourceTree</key>
			<string>&lt;group&gt;</string>
		</dict>
		<key>923F4EE31AEBABC000C497E2</key>
		<dict>
			<key>children</key>
			<array>
				<string>923F4EF51AEBAF6D00C497E2</string>
				<string>923F4F1A1AEC423600C497E2</string>
			</array>
			<key>isa</key>
			<string>PBXGroup</string>
			<key>path</key>
			<string>Classes</string>
			<key>sourceTree</key>
			<string>&lt;group&gt;</string>
		</dict>
		<key>923F4EE41AEBABC400C497E2</key>
		<dict>
			<key>children</key>
			<array>
				<string>923F4EF31AEBAF5800C497E2</string>
				<string>923F4EFC1AEBEF1400C497E2</string>
				<string>923F4EFE1AEBF2FB00C497E2</string>
				<string>923F4F091AEC06F500C497E2</string>
			</array>
			<key>isa</key>
			<string>PBXGroup</string>
			<key>path</key>
			<string>Extensions</string>
			<key>sourceTree</key>
			<string>&lt;group&gt;</string>
		</dict>
		<key>923F4EE51AEBABD100C497E2</key>
		<dict>
			<key>children</key>
			<array>
				<string>923F4EE61AEBABE700C497E2</string>
				<string>923F4EC01AEBAB7200C497E2</string>
			</array>
			<key>isa</key>
			<string>PBXGroup</string>
			<key>path</key>
			<string>Core</string>
			<key>sourceTree</key>
			<string>&lt;group&gt;</string>
		</dict>
		<key>923F4EE61AEBABE700C497E2</key>
		<dict>
			<key>children</key>
			<array>
				<string>923F4EE71AEBAC0000C497E2</string>
				<string>923F4F071AEC05CC00C497E2</string>
			</array>
			<key>isa</key>
			<string>PBXGroup</string>
			<key>path</key>
			<string>Base</string>
			<key>sourceTree</key>
			<string>&lt;group&gt;</string>
		</dict>
		<key>923F4EE71AEBAC0000C497E2</key>
		<dict>
			<key>fileEncoding</key>
			<string>4</string>
			<key>isa</key>
			<string>PBXFileReference</string>
			<key>lastKnownFileType</key>
			<string>sourcecode.swift</string>
			<key>path</key>
			<string>BaseViewController.swift</string>
			<key>sourceTree</key>
			<string>&lt;group&gt;</string>
		</dict>
		<key>923F4EE81AEBAC0000C497E2</key>
		<dict>
			<key>fileRef</key>
			<string>923F4EE71AEBAC0000C497E2</string>
			<key>isa</key>
			<string>PBXBuildFile</string>
		</dict>
		<key>923F4EE91AEBAC1400C497E2</key>
		<dict>
			<key>children</key>
			<array>
				<string>92BB95D01AECFF0900C1748A</string>
				<string>923F4EEE1AEBACC600C497E2</string>
				<string>923F4F1C1AEC42E400C497E2</string>
				<string>923F4F281AEC525000C497E2</string>
				<string>923F4F2F1AEC600400C497E2</string>
				<string>92BB95D81AED0CEB00C1748A</string>
				<string>92BB95DF1AED253E00C1748A</string>
			</array>
			<key>isa</key>
			<string>PBXGroup</string>
			<key>path</key>
			<string>ViewController+Cells</string>
			<key>sourceTree</key>
			<string>&lt;group&gt;</string>
		</dict>
		<key>923F4EEA1AEBAC4700C497E2</key>
		<dict>
			<key>children</key>
			<array>
				<string>923F4F371AEC66BD00C497E2</string>
				<string>923F4F231AEC4C8F00C497E2</string>
				<string>923F4F151AEC40DA00C497E2</string>
				<string>923F4EF11AEBAF3C00C497E2</string>
			</array>
			<key>isa</key>
			<string>PBXGroup</string>
			<key>path</key>
			<string>View</string>
			<key>sourceTree</key>
			<string>&lt;group&gt;</string>
		</dict>
		<key>923F4EEB1AEBAC6000C497E2</key>
		<dict>
			<key>children</key>
			<array>
				<string>923F4F001AEBF3D200C497E2</string>
				<string>923F4EC91AEBAB7200C497E2</string>
				<string>923F4EC71AEBAB7200C497E2</string>
			</array>
			<key>isa</key>
			<string>PBXGroup</string>
			<key>path</key>
			<string>Resources</string>
			<key>sourceTree</key>
			<string>&lt;group&gt;</string>
		</dict>
		<key>923F4EEC1AEBACC100C497E2</key>
		<dict>
			<key>fileEncoding</key>
			<string>4</string>
			<key>isa</key>
			<string>PBXFileReference</string>
			<key>lastKnownFileType</key>
			<string>sourcecode.swift</string>
			<key>path</key>
			<string>MainViewController.swift</string>
			<key>sourceTree</key>
			<string>&lt;group&gt;</string>
		</dict>
		<key>923F4EED1AEBACC100C497E2</key>
		<dict>
			<key>fileRef</key>
			<string>923F4EEC1AEBACC100C497E2</string>
			<key>isa</key>
			<string>PBXBuildFile</string>
		</dict>
		<key>923F4EEE1AEBACC600C497E2</key>
		<dict>
			<key>children</key>
			<array>
				<string>923F4EEF1AEBACD000C497E2</string>
				<string>923F4EF01AEBACD600C497E2</string>
			</array>
			<key>isa</key>
			<string>PBXGroup</string>
			<key>path</key>
			<string>Projects</string>
			<key>sourceTree</key>
			<string>&lt;group&gt;</string>
		</dict>
		<key>923F4EEF1AEBACD000C497E2</key>
		<dict>
			<key>children</key>
			<array>
				<string>923F4EF91AEBB58B00C497E2</string>
				<string>923F4EF71AEBB57C00C497E2</string>
			</array>
			<key>isa</key>
			<string>PBXGroup</string>
			<key>path</key>
			<string>Projects</string>
			<key>sourceTree</key>
			<string>&lt;group&gt;</string>
		</dict>
		<key>923F4EF01AEBACD600C497E2</key>
		<dict>
			<key>children</key>
			<array>
				<string>923F4F0D1AEC0BDA00C497E2</string>
				<string>923F4F0B1AEC0BC600C497E2</string>
			</array>
			<key>isa</key>
			<string>PBXGroup</string>
			<key>path</key>
			<string>Project</string>
			<key>sourceTree</key>
			<string>&lt;group&gt;</string>
		</dict>
		<key>923F4EF11AEBAF3C00C497E2</key>
		<dict>
			<key>fileEncoding</key>
			<string>4</string>
			<key>isa</key>
			<string>PBXFileReference</string>
			<key>lastKnownFileType</key>
			<string>sourcecode.swift</string>
			<key>path</key>
			<string>RoundedTableViewCell.swift</string>
			<key>sourceTree</key>
			<string>&lt;group&gt;</string>
		</dict>
		<key>923F4EF21AEBAF3C00C497E2</key>
		<dict>
			<key>fileRef</key>
			<string>923F4EF11AEBAF3C00C497E2</string>
			<key>isa</key>
			<string>PBXBuildFile</string>
		</dict>
		<key>923F4EF31AEBAF5800C497E2</key>
		<dict>
			<key>fileEncoding</key>
			<string>4</string>
			<key>isa</key>
			<string>PBXFileReference</string>
			<key>lastKnownFileType</key>
			<string>sourcecode.swift</string>
			<key>path</key>
			<string>Color.swift</string>
			<key>sourceTree</key>
			<string>&lt;group&gt;</string>
		</dict>
		<key>923F4EF41AEBAF5800C497E2</key>
		<dict>
			<key>fileRef</key>
			<string>923F4EF31AEBAF5800C497E2</string>
			<key>isa</key>
			<string>PBXBuildFile</string>
		</dict>
		<key>923F4EF51AEBAF6D00C497E2</key>
		<dict>
			<key>fileEncoding</key>
			<string>4</string>
			<key>isa</key>
			<string>PBXFileReference</string>
			<key>lastKnownFileType</key>
			<string>sourcecode.swift</string>
			<key>path</key>
			<string>Apperance.swift</string>
			<key>sourceTree</key>
			<string>&lt;group&gt;</string>
		</dict>
		<key>923F4EF61AEBAF6D00C497E2</key>
		<dict>
			<key>fileRef</key>
			<string>923F4EF51AEBAF6D00C497E2</string>
			<key>isa</key>
			<string>PBXBuildFile</string>
		</dict>
		<key>923F4EF71AEBB57C00C497E2</key>
		<dict>
			<key>fileEncoding</key>
			<string>4</string>
			<key>isa</key>
			<string>PBXFileReference</string>
			<key>lastKnownFileType</key>
			<string>sourcecode.swift</string>
			<key>path</key>
			<string>ProjectsViewController.swift</string>
			<key>sourceTree</key>
			<string>&lt;group&gt;</string>
		</dict>
		<key>923F4EF81AEBB57C00C497E2</key>
		<dict>
			<key>fileRef</key>
			<string>923F4EF71AEBB57C00C497E2</string>
			<key>isa</key>
			<string>PBXBuildFile</string>
		</dict>
		<key>923F4EF91AEBB58B00C497E2</key>
		<dict>
			<key>children</key>
			<array>
				<string>923F4EFA1AEBB61A00C497E2</string>
			</array>
			<key>isa</key>
			<string>PBXGroup</string>
			<key>path</key>
			<string>Cells</string>
			<key>sourceTree</key>
			<string>&lt;group&gt;</string>
		</dict>
		<key>923F4EFA1AEBB61A00C497E2</key>
		<dict>
			<key>fileEncoding</key>
			<string>4</string>
			<key>isa</key>
			<string>PBXFileReference</string>
			<key>lastKnownFileType</key>
			<string>sourcecode.swift</string>
			<key>path</key>
			<string>ProjectTableViewCell.swift</string>
			<key>sourceTree</key>
			<string>&lt;group&gt;</string>
		</dict>
		<key>923F4EFB1AEBB61A00C497E2</key>
		<dict>
			<key>fileRef</key>
			<string>923F4EFA1AEBB61A00C497E2</string>
			<key>isa</key>
			<string>PBXBuildFile</string>
		</dict>
		<key>923F4EFC1AEBEF1400C497E2</key>
		<dict>
			<key>fileEncoding</key>
			<string>4</string>
			<key>isa</key>
			<string>PBXFileReference</string>
			<key>lastKnownFileType</key>
			<string>sourcecode.swift</string>
			<key>path</key>
			<string>NSObjcetExtension.swift</string>
			<key>sourceTree</key>
			<string>&lt;group&gt;</string>
		</dict>
		<key>923F4EFD1AEBEF1400C497E2</key>
		<dict>
			<key>fileRef</key>
			<string>923F4EFC1AEBEF1400C497E2</string>
			<key>isa</key>
			<string>PBXBuildFile</string>
		</dict>
		<key>923F4EFE1AEBF2FB00C497E2</key>
		<dict>
			<key>fileEncoding</key>
			<string>4</string>
			<key>isa</key>
			<string>PBXFileReference</string>
			<key>lastKnownFileType</key>
			<string>sourcecode.swift</string>
			<key>path</key>
			<string>Font.swift</string>
			<key>sourceTree</key>
			<string>&lt;group&gt;</string>
		</dict>
		<key>923F4EFF1AEBF2FB00C497E2</key>
		<dict>
			<key>fileRef</key>
			<string>923F4EFE1AEBF2FB00C497E2</string>
			<key>isa</key>
			<string>PBXBuildFile</string>
		</dict>
		<key>923F4F001AEBF3D200C497E2</key>
		<dict>
			<key>children</key>
			<array>
				<string>923F4F011AEBF3E100C497E2</string>
				<string>923F4F101AEC3F4900C497E2</string>
				<string>923F4F2B1AEC53CE00C497E2</string>
				<string>923F4F321AEC634A00C497E2</string>
				<string>92BB95D41AED035700C1748A</string>
				<string>92BB95DB1AED0D9500C1748A</string>
				<string>92BB95E21AED294900C1748A</string>
			</array>
			<key>isa</key>
			<string>PBXGroup</string>
			<key>path</key>
			<string>Info</string>
			<key>sourceTree</key>
			<string>&lt;group&gt;</string>
		</dict>
		<key>923F4F011AEBF3E100C497E2</key>
		<dict>
			<key>fileEncoding</key>
			<string>4</string>
			<key>isa</key>
			<string>PBXFileReference</string>
			<key>lastKnownFileType</key>
			<string>text.plist.xml</string>
			<key>path</key>
			<string>Projects.plist</string>
			<key>sourceTree</key>
			<string>&lt;group&gt;</string>
		</dict>
		<key>923F4F021AEBF3E100C497E2</key>
		<dict>
			<key>fileRef</key>
			<string>923F4F011AEBF3E100C497E2</string>
			<key>isa</key>
			<string>PBXBuildFile</string>
		</dict>
		<key>923F4F031AEBF56B00C497E2</key>
		<dict>
			<key>children</key>
			<array>
				<string>923F4F341AEC63F600C497E2</string>
				<string>923F4F1F1AEC459000C497E2</string>
			</array>
			<key>isa</key>
			<string>PBXGroup</string>
			<key>path</key>
			<string>Model</string>
			<key>sourceTree</key>
			<string>&lt;group&gt;</string>
		</dict>
		<key>923F4F051AEBF57F00C497E2</key>
		<dict>
			<key>fileEncoding</key>
			<string>4</string>
			<key>isa</key>
			<string>PBXFileReference</string>
			<key>lastKnownFileType</key>
			<string>sourcecode.swift</string>
			<key>path</key>
			<string>ProjectsParser.swift</string>
			<key>sourceTree</key>
			<string>&lt;group&gt;</string>
		</dict>
		<key>923F4F061AEBF57F00C497E2</key>
		<dict>
			<key>fileRef</key>
			<string>923F4F051AEBF57F00C497E2</string>
			<key>isa</key>
			<string>PBXBuildFile</string>
		</dict>
		<key>923F4F071AEC05CC00C497E2</key>
		<dict>
			<key>fileEncoding</key>
			<string>4</string>
			<key>isa</key>
			<string>PBXFileReference</string>
			<key>lastKnownFileType</key>
			<string>sourcecode.swift</string>
			<key>path</key>
			<string>BaseNavigationController.swift</string>
			<key>sourceTree</key>
			<string>&lt;group&gt;</string>
		</dict>
		<key>923F4F081AEC05CC00C497E2</key>
		<dict>
			<key>fileRef</key>
			<string>923F4F071AEC05CC00C497E2</string>
			<key>isa</key>
			<string>PBXBuildFile</string>
		</dict>
		<key>923F4F091AEC06F500C497E2</key>
		<dict>
			<key>fileEncoding</key>
			<string>4</string>
			<key>isa</key>
			<string>PBXFileReference</string>
			<key>lastKnownFileType</key>
			<string>sourcecode.swift</string>
			<key>path</key>
			<string>Image.swift</string>
			<key>sourceTree</key>
			<string>&lt;group&gt;</string>
		</dict>
		<key>923F4F0A1AEC06F500C497E2</key>
		<dict>
			<key>fileRef</key>
			<string>923F4F091AEC06F500C497E2</string>
			<key>isa</key>
			<string>PBXBuildFile</string>
		</dict>
		<key>923F4F0B1AEC0BC600C497E2</key>
		<dict>
			<key>fileEncoding</key>
			<string>4</string>
			<key>isa</key>
			<string>PBXFileReference</string>
			<key>lastKnownFileType</key>
			<string>sourcecode.swift</string>
			<key>path</key>
			<string>ProjectViewController.swift</string>
			<key>sourceTree</key>
			<string>&lt;group&gt;</string>
		</dict>
		<key>923F4F0C1AEC0BC600C497E2</key>
		<dict>
			<key>fileRef</key>
			<string>923F4F0B1AEC0BC600C497E2</string>
			<key>isa</key>
			<string>PBXBuildFile</string>
		</dict>
		<key>923F4F0D1AEC0BDA00C497E2</key>
		<dict>
			<key>children</key>
			<array/>
			<key>isa</key>
			<string>PBXGroup</string>
			<key>path</key>
			<string>Cells</string>
			<key>sourceTree</key>
			<string>&lt;group&gt;</string>
		</dict>
		<key>923F4F0E1AEC0C3200C497E2</key>
		<dict>
			<key>fileEncoding</key>
			<string>4</string>
			<key>isa</key>
			<string>PBXFileReference</string>
			<key>lastKnownFileType</key>
			<string>sourcecode.swift</string>
			<key>path</key>
			<string>InfoTableViewCell.swift</string>
			<key>sourceTree</key>
			<string>&lt;group&gt;</string>
		</dict>
		<key>923F4F0F1AEC0C3200C497E2</key>
		<dict>
			<key>fileRef</key>
			<string>923F4F0E1AEC0C3200C497E2</string>
			<key>isa</key>
			<string>PBXBuildFile</string>
		</dict>
		<key>923F4F101AEC3F4900C497E2</key>
		<dict>
			<key>fileEncoding</key>
			<string>4</string>
			<key>isa</key>
			<string>PBXFileReference</string>
			<key>lastKnownFileType</key>
			<string>text.plist.xml</string>
			<key>path</key>
			<string>Education.plist</string>
			<key>sourceTree</key>
			<string>&lt;group&gt;</string>
		</dict>
		<key>923F4F111AEC3F4900C497E2</key>
		<dict>
			<key>fileRef</key>
			<string>923F4F101AEC3F4900C497E2</string>
			<key>isa</key>
			<string>PBXBuildFile</string>
		</dict>
		<key>923F4F121AEC3F8400C497E2</key>
		<dict>
			<key>children</key>
			<array>
				<string>923F4F131AEC3F8400C497E2</string>
			</array>
			<key>isa</key>
			<string>PBXVariantGroup</string>
			<key>name</key>
			<string>Main.storyboard</string>
			<key>sourceTree</key>
			<string>&lt;group&gt;</string>
		</dict>
		<key>923F4F131AEC3F8400C497E2</key>
		<dict>
			<key>isa</key>
			<string>PBXFileReference</string>
			<key>lastKnownFileType</key>
			<string>file.storyboard</string>
			<key>name</key>
			<string>Base</string>
			<key>path</key>
			<string>Resources/Base.lproj/Main.storyboard</string>
			<key>sourceTree</key>
			<string>&lt;group&gt;</string>
		</dict>
		<key>923F4F141AEC3F8400C497E2</key>
		<dict>
			<key>fileRef</key>
			<string>923F4F121AEC3F8400C497E2</string>
			<key>isa</key>
			<string>PBXBuildFile</string>
		</dict>
		<key>923F4F151AEC40DA00C497E2</key>
		<dict>
			<key>children</key>
			<array>
				<string>923F4F0E1AEC0C3200C497E2</string>
				<string>923F4F171AEC40E700C497E2</string>
			</array>
			<key>isa</key>
			<string>PBXGroup</string>
			<key>path</key>
			<string>InfoTableViewCell</string>
			<key>sourceTree</key>
			<string>&lt;group&gt;</string>
		</dict>
		<key>923F4F171AEC40E700C497E2</key>
		<dict>
			<key>fileEncoding</key>
			<string>4</string>
			<key>isa</key>
			<string>PBXFileReference</string>
			<key>lastKnownFileType</key>
			<string>file.xib</string>
			<key>path</key>
			<string>InfoTableViewCell.xib</string>
			<key>sourceTree</key>
			<string>&lt;group&gt;</string>
		</dict>
		<key>923F4F191AEC40E700C497E2</key>
		<dict>
			<key>fileRef</key>
			<string>923F4F171AEC40E700C497E2</string>
			<key>isa</key>
			<string>PBXBuildFile</string>
		</dict>
		<key>923F4F1A1AEC423600C497E2</key>
		<dict>
			<key>fileEncoding</key>
			<string>4</string>
			<key>isa</key>
			<string>PBXFileReference</string>
			<key>lastKnownFileType</key>
			<string>sourcecode.swift</string>
			<key>path</key>
			<string>Constants.swift</string>
			<key>sourceTree</key>
			<string>&lt;group&gt;</string>
		</dict>
		<key>923F4F1B1AEC423600C497E2</key>
		<dict>
			<key>fileRef</key>
			<string>923F4F1A1AEC423600C497E2</string>
			<key>isa</key>
			<string>PBXBuildFile</string>
		</dict>
		<key>923F4F1C1AEC42E400C497E2</key>
		<dict>
			<key>children</key>
			<array>
				<string>923F4F1D1AEC436100C497E2</string>
			</array>
			<key>isa</key>
			<string>PBXGroup</string>
			<key>path</key>
			<string>Education</string>
			<key>sourceTree</key>
			<string>&lt;group&gt;</string>
		</dict>
		<key>923F4F1D1AEC436100C497E2</key>
		<dict>
			<key>fileEncoding</key>
			<string>4</string>
			<key>isa</key>
			<string>PBXFileReference</string>
			<key>lastKnownFileType</key>
			<string>sourcecode.swift</string>
			<key>path</key>
			<string>EducationViewController.swift</string>
			<key>sourceTree</key>
			<string>&lt;group&gt;</string>
		</dict>
		<key>923F4F1E1AEC436100C497E2</key>
		<dict>
			<key>fileRef</key>
			<string>923F4F1D1AEC436100C497E2</string>
			<key>isa</key>
			<string>PBXBuildFile</string>
		</dict>
		<key>923F4F1F1AEC459000C497E2</key>
		<dict>
			<key>fileEncoding</key>
			<string>4</string>
			<key>isa</key>
			<string>PBXFileReference</string>
			<key>lastKnownFileType</key>
			<string>sourcecode.swift</string>
			<key>path</key>
			<string>InfoItem.swift</string>
			<key>sourceTree</key>
			<string>&lt;group&gt;</string>
		</dict>
		<key>923F4F201AEC459000C497E2</key>
		<dict>
			<key>fileRef</key>
			<string>923F4F1F1AEC459000C497E2</string>
			<key>isa</key>
			<string>PBXBuildFile</string>
		</dict>
		<key>923F4F211AEC464900C497E2</key>
		<dict>
			<key>fileEncoding</key>
			<string>4</string>
			<key>isa</key>
			<string>PBXFileReference</string>
			<key>lastKnownFileType</key>
			<string>sourcecode.swift</string>
			<key>path</key>
			<string>EducationParser.swift</string>
			<key>sourceTree</key>
			<string>&lt;group&gt;</string>
		</dict>
		<key>923F4F221AEC464900C497E2</key>
		<dict>
			<key>fileRef</key>
			<string>923F4F211AEC464900C497E2</string>
			<key>isa</key>
			<string>PBXBuildFile</string>
		</dict>
		<key>923F4F231AEC4C8F00C497E2</key>
		<dict>
			<key>children</key>
			<array>
				<string>923F4F241AEC4D0000C497E2</string>
				<string>923F4F261AEC4D4700C497E2</string>
			</array>
			<key>isa</key>
			<string>PBXGroup</string>
			<key>path</key>
			<string>PlainTableViewCell</string>
			<key>sourceTree</key>
			<string>&lt;group&gt;</string>
		</dict>
		<key>923F4F241AEC4D0000C497E2</key>
		<dict>
			<key>fileEncoding</key>
			<string>4</string>
			<key>isa</key>
			<string>PBXFileReference</string>
			<key>lastKnownFileType</key>
			<string>sourcecode.swift</string>
			<key>path</key>
			<string>PlainTableViewCell.swift</string>
			<key>sourceTree</key>
			<string>&lt;group&gt;</string>
		</dict>
		<key>923F4F251AEC4D0000C497E2</key>
		<dict>
			<key>fileRef</key>
			<string>923F4F241AEC4D0000C497E2</string>
			<key>isa</key>
			<string>PBXBuildFile</string>
		</dict>
		<key>923F4F261AEC4D4700C497E2</key>
		<dict>
			<key>fileEncoding</key>
			<string>4</string>
			<key>isa</key>
			<string>PBXFileReference</string>
			<key>lastKnownFileType</key>
			<string>file.xib</string>
			<key>path</key>
			<string>PlainTableViewCell.xib</string>
			<key>sourceTree</key>
			<string>&lt;group&gt;</string>
		</dict>
		<key>923F4F271AEC4D4700C497E2</key>
		<dict>
			<key>fileRef</key>
			<string>923F4F261AEC4D4700C497E2</string>
			<key>isa</key>
			<string>PBXBuildFile</string>
		</dict>
		<key>923F4F281AEC525000C497E2</key>
		<dict>
			<key>children</key>
			<array>
				<string>923F4F291AEC526A00C497E2</string>
			</array>
			<key>isa</key>
			<string>PBXGroup</string>
			<key>path</key>
			<string>TechnicalSkills</string>
			<key>sourceTree</key>
			<string>&lt;group&gt;</string>
		</dict>
		<key>923F4F291AEC526A00C497E2</key>
		<dict>
			<key>fileEncoding</key>
			<string>4</string>
			<key>isa</key>
			<string>PBXFileReference</string>
			<key>lastKnownFileType</key>
			<string>sourcecode.swift</string>
			<key>path</key>
			<string>TechnicalSkillsViewController.swift</string>
			<key>sourceTree</key>
			<string>&lt;group&gt;</string>
		</dict>
		<key>923F4F2A1AEC526A00C497E2</key>
		<dict>
			<key>fileRef</key>
			<string>923F4F291AEC526A00C497E2</string>
			<key>isa</key>
			<string>PBXBuildFile</string>
		</dict>
		<key>923F4F2B1AEC53CE00C497E2</key>
		<dict>
			<key>fileEncoding</key>
			<string>4</string>
			<key>isa</key>
			<string>PBXFileReference</string>
			<key>lastKnownFileType</key>
			<string>text.plist.xml</string>
			<key>path</key>
			<string>TechnicalSkills.plist</string>
			<key>sourceTree</key>
			<string>&lt;group&gt;</string>
		</dict>
		<key>923F4F2C1AEC53CE00C497E2</key>
		<dict>
			<key>fileRef</key>
			<string>923F4F2B1AEC53CE00C497E2</string>
			<key>isa</key>
			<string>PBXBuildFile</string>
		</dict>
		<key>923F4F2D1AEC546400C497E2</key>
		<dict>
			<key>fileEncoding</key>
			<string>4</string>
			<key>isa</key>
			<string>PBXFileReference</string>
			<key>lastKnownFileType</key>
			<string>sourcecode.swift</string>
			<key>path</key>
			<string>TechnicalSkillsParser.swift</string>
			<key>sourceTree</key>
			<string>&lt;group&gt;</string>
		</dict>
		<key>923F4F2E1AEC546400C497E2</key>
		<dict>
			<key>fileRef</key>
			<string>923F4F2D1AEC546400C497E2</string>
			<key>isa</key>
			<string>PBXBuildFile</string>
		</dict>
		<key>923F4F2F1AEC600400C497E2</key>
		<dict>
			<key>children</key>
			<array>
				<string>923F4F301AEC608C00C497E2</string>
			</array>
			<key>isa</key>
			<string>PBXGroup</string>
			<key>path</key>
			<string>Interests</string>
			<key>sourceTree</key>
			<string>&lt;group&gt;</string>
		</dict>
		<key>923F4F301AEC608C00C497E2</key>
		<dict>
			<key>fileEncoding</key>
			<string>4</string>
			<key>isa</key>
			<string>PBXFileReference</string>
			<key>lastKnownFileType</key>
			<string>sourcecode.swift</string>
			<key>path</key>
			<string>InterestsViewController.swift</string>
			<key>sourceTree</key>
			<string>&lt;group&gt;</string>
		</dict>
		<key>923F4F311AEC608C00C497E2</key>
		<dict>
			<key>fileRef</key>
			<string>923F4F301AEC608C00C497E2</string>
			<key>isa</key>
			<string>PBXBuildFile</string>
		</dict>
		<key>923F4F321AEC634A00C497E2</key>
		<dict>
			<key>fileEncoding</key>
			<string>4</string>
			<key>isa</key>
			<string>PBXFileReference</string>
			<key>lastKnownFileType</key>
			<string>text.plist.xml</string>
			<key>path</key>
			<string>Interests.plist</string>
			<key>sourceTree</key>
			<string>&lt;group&gt;</string>
		</dict>
		<key>923F4F331AEC634A00C497E2</key>
		<dict>
			<key>fileRef</key>
			<string>923F4F321AEC634A00C497E2</string>
			<key>isa</key>
			<string>PBXBuildFile</string>
		</dict>
		<key>923F4F341AEC63F600C497E2</key>
		<dict>
			<key>children</key>
			<array>
				<string>923F4F211AEC464900C497E2</string>
				<string>923F4F051AEBF57F00C497E2</string>
				<string>923F4F2D1AEC546400C497E2</string>
				<string>923F4F351AEC640300C497E2</string>
				<string>92BB95D61AED047100C1748A</string>
				<string>92BB95DD1AED0E4C00C1748A</string>
				<string>92BB95E71AED29B600C1748A</string>
			</array>
			<key>isa</key>
			<string>PBXGroup</string>
			<key>path</key>
			<string>Parsers</string>
			<key>sourceTree</key>
			<string>&lt;group&gt;</string>
		</dict>
		<key>923F4F351AEC640300C497E2</key>
		<dict>
			<key>fileEncoding</key>
			<string>4</string>
			<key>isa</key>
			<string>PBXFileReference</string>
			<key>lastKnownFileType</key>
			<string>sourcecode.swift</string>
			<key>path</key>
			<string>InterestsParser.swift</string>
			<key>sourceTree</key>
			<string>&lt;group&gt;</string>
		</dict>
		<key>923F4F361AEC640300C497E2</key>
		<dict>
			<key>fileRef</key>
			<string>923F4F351AEC640300C497E2</string>
			<key>isa</key>
			<string>PBXBuildFile</string>
		</dict>
		<key>923F4F371AEC66BD00C497E2</key>
		<dict>
			<key>children</key>
			<array>
				<string>923F4F381AEC66E400C497E2</string>
				<string>923F4F391AEC66E400C497E2</string>
			</array>
			<key>isa</key>
			<string>PBXGroup</string>
			<key>path</key>
			<string>ImageTableViewCell</string>
			<key>sourceTree</key>
			<string>&lt;group&gt;</string>
		</dict>
		<key>923F4F381AEC66E400C497E2</key>
		<dict>
			<key>fileEncoding</key>
			<string>4</string>
			<key>isa</key>
			<string>PBXFileReference</string>
			<key>lastKnownFileType</key>
			<string>sourcecode.swift</string>
			<key>path</key>
			<string>ImageTableViewCell.swift</string>
			<key>sourceTree</key>
			<string>&lt;group&gt;</string>
		</dict>
		<key>923F4F391AEC66E400C497E2</key>
		<dict>
			<key>fileEncoding</key>
			<string>4</string>
			<key>isa</key>
			<string>PBXFileReference</string>
			<key>lastKnownFileType</key>
			<string>file.xib</string>
			<key>path</key>
			<string>ImageTableViewCell.xib</string>
			<key>sourceTree</key>
			<string>&lt;group&gt;</string>
		</dict>
		<key>923F4F3A1AEC66E400C497E2</key>
		<dict>
			<key>fileRef</key>
			<string>923F4F381AEC66E400C497E2</string>
			<key>isa</key>
			<string>PBXBuildFile</string>
		</dict>
		<key>923F4F3B1AEC66E400C497E2</key>
		<dict>
			<key>fileRef</key>
			<string>923F4F391AEC66E400C497E2</string>
			<key>isa</key>
			<string>PBXBuildFile</string>
		</dict>
		<key>92BB95D01AECFF0900C1748A</key>
		<dict>
			<key>children</key>
			<array>
				<string>92BB95D11AECFF0F00C1748A</string>
				<string>923F4EEC1AEBACC100C497E2</string>
			</array>
			<key>isa</key>
			<string>PBXGroup</string>
			<key>name</key>
			<string>Main</string>
			<key>path</key>
			<string>Main</string>
			<key>sourceTree</key>
			<string>&lt;group&gt;</string>
		</dict>
		<key>92BB95D11AECFF0F00C1748A</key>
		<dict>
			<key>children</key>
			<array>
				<string>92BB95D21AECFF2300C1748A</string>
			</array>
			<key>isa</key>
			<string>PBXGroup</string>
			<key>name</key>
			<string>Cells</string>
			<key>path</key>
			<string>Cells</string>
			<key>sourceTree</key>
			<string>&lt;group&gt;</string>
		</dict>
		<key>92BB95D21AECFF2300C1748A</key>
		<dict>
			<key>fileEncoding</key>
			<string>4</string>
			<key>isa</key>
			<string>PBXFileReference</string>
			<key>lastKnownFileType</key>
			<string>sourcecode.swift</string>
			<key>path</key>
			<string>MenuItemCollectionViewCell.swift</string>
			<key>sourceTree</key>
			<string>&lt;group&gt;</string>
		</dict>
		<key>92BB95D31AECFF2300C1748A</key>
		<dict>
			<key>fileRef</key>
			<string>92BB95D21AECFF2300C1748A</string>
			<key>isa</key>
			<string>PBXBuildFile</string>
		</dict>
		<key>92BB95D41AED035700C1748A</key>
		<dict>
			<key>fileEncoding</key>
			<string>4</string>
			<key>isa</key>
			<string>PBXFileReference</string>
			<key>lastKnownFileType</key>
			<string>text.plist.xml</string>
			<key>path</key>
			<string>MenuItems.plist</string>
			<key>sourceTree</key>
			<string>&lt;group&gt;</string>
		</dict>
		<key>92BB95D51AED035700C1748A</key>
		<dict>
			<key>fileRef</key>
			<string>92BB95D41AED035700C1748A</string>
			<key>isa</key>
			<string>PBXBuildFile</string>
		</dict>
		<key>92BB95D61AED047100C1748A</key>
		<dict>
			<key>fileEncoding</key>
			<string>4</string>
			<key>isa</key>
			<string>PBXFileReference</string>
			<key>lastKnownFileType</key>
			<string>sourcecode.swift</string>
			<key>path</key>
			<string>MenuItemsParser.swift</string>
			<key>sourceTree</key>
			<string>&lt;group&gt;</string>
		</dict>
		<key>92BB95D71AED047100C1748A</key>
		<dict>
			<key>fileRef</key>
			<string>92BB95D61AED047100C1748A</string>
			<key>isa</key>
			<string>PBXBuildFile</string>
		</dict>
		<key>92BB95D81AED0CEB00C1748A</key>
		<dict>
			<key>children</key>
			<array>
				<string>92BB95D91AED0D6300C1748A</string>
			</array>
			<key>isa</key>
			<string>PBXGroup</string>
			<key>name</key>
			<string>Activity</string>
			<key>path</key>
			<string>Activity</string>
			<key>sourceTree</key>
			<string>&lt;group&gt;</string>
		</dict>
		<key>92BB95D91AED0D6300C1748A</key>
		<dict>
			<key>fileEncoding</key>
			<string>4</string>
			<key>isa</key>
			<string>PBXFileReference</string>
			<key>lastKnownFileType</key>
			<string>sourcecode.swift</string>
			<key>path</key>
			<string>ActivityViewController.swift</string>
			<key>sourceTree</key>
			<string>&lt;group&gt;</string>
		</dict>
		<key>92BB95DA1AED0D6300C1748A</key>
		<dict>
			<key>fileRef</key>
			<string>92BB95D91AED0D6300C1748A</string>
			<key>isa</key>
			<string>PBXBuildFile</string>
		</dict>
		<key>92BB95DB1AED0D9500C1748A</key>
		<dict>
			<key>fileEncoding</key>
			<string>4</string>
			<key>isa</key>
			<string>PBXFileReference</string>
			<key>lastKnownFileType</key>
			<string>text.plist.xml</string>
			<key>path</key>
			<string>Activity.plist</string>
			<key>sourceTree</key>
			<string>&lt;group&gt;</string>
		</dict>
		<key>92BB95DC1AED0D9500C1748A</key>
		<dict>
			<key>fileRef</key>
			<string>92BB95DB1AED0D9500C1748A</string>
			<key>isa</key>
			<string>PBXBuildFile</string>
		</dict>
		<key>92BB95DD1AED0E4C00C1748A</key>
		<dict>
			<key>fileEncoding</key>
			<string>4</string>
			<key>isa</key>
			<string>PBXFileReference</string>
			<key>lastKnownFileType</key>
			<string>sourcecode.swift</string>
			<key>path</key>
			<string>ActivityParser.swift</string>
			<key>sourceTree</key>
			<string>&lt;group&gt;</string>
		</dict>
		<key>92BB95DE1AED0E4C00C1748A</key>
		<dict>
			<key>fileRef</key>
			<string>92BB95DD1AED0E4C00C1748A</string>
			<key>isa</key>
			<string>PBXBuildFile</string>
		</dict>
		<key>92BB95DF1AED253E00C1748A</key>
		<dict>
			<key>children</key>
			<array>
				<string>92BB95E01AED28A100C1748A</string>
			</array>
			<key>isa</key>
			<string>PBXGroup</string>
			<key>name</key>
			<string>Bio</string>
			<key>path</key>
			<string>Bio</string>
			<key>sourceTree</key>
			<string>&lt;group&gt;</string>
		</dict>
		<key>92BB95E01AED28A100C1748A</key>
		<dict>
			<key>fileEncoding</key>
			<string>4</string>
			<key>isa</key>
			<string>PBXFileReference</string>
			<key>lastKnownFileType</key>
			<string>sourcecode.swift</string>
			<key>path</key>
			<string>BioViewController.swift</string>
			<key>sourceTree</key>
			<string>&lt;group&gt;</string>
		</dict>
		<key>92BB95E11AED28A100C1748A</key>
		<dict>
			<key>fileRef</key>
			<string>92BB95E01AED28A100C1748A</string>
			<key>isa</key>
			<string>PBXBuildFile</string>
		</dict>
		<key>92BB95E21AED294900C1748A</key>
		<dict>
			<key>fileEncoding</key>
			<string>4</string>
			<key>isa</key>
			<string>PBXFileReference</string>
			<key>lastKnownFileType</key>
			<string>text.plist.xml</string>
			<key>path</key>
			<string>Bio.plist</string>
			<key>sourceTree</key>
			<string>&lt;group&gt;</string>
		</dict>
		<key>92BB95E31AED294900C1748A</key>
		<dict>
			<key>fileRef</key>
			<string>92BB95E21AED294900C1748A</string>
			<key>isa</key>
			<string>PBXBuildFile</string>
		</dict>
		<key>92BB95E71AED29B600C1748A</key>
		<dict>
			<key>fileEncoding</key>
			<string>4</string>
			<key>isa</key>
			<string>PBXFileReference</string>
			<key>lastKnownFileType</key>
			<string>sourcecode.swift</string>
			<key>path</key>
			<string>BioParser.swift</string>
			<key>sourceTree</key>
			<string>&lt;group&gt;</string>
		</dict>
		<key>92BB95E81AED29B600C1748A</key>
		<dict>
			<key>fileRef</key>
			<string>92BB95E71AED29B600C1748A</string>
			<key>isa</key>
			<string>PBXBuildFile</string>
		</dict>
	</dict>
	<key>rootObject</key>
	<string>923F4EB31AEBAB7200C497E2</string>
</dict>
</plist>
